{
  "requires": true,
  "lockfileVersion": 1,
  "dependencies": {
    "framesync": {
      "version": "3.1.7",
      "resolved": "https://registry.npmjs.org/framesync/-/framesync-3.1.7.tgz",
      "integrity": "sha512-oMW1Myil2BcHFMntyMvFkkBOz/aaH5kNb0XtSd/IRFiGuh2sWzf0XukgSJFyNh2WcQr05uCbpL1RY6vQK8qUQw=="
    },
    "popmotion": {
      "version": "8.1.22",
      "resolved": "https://registry.npmjs.org/popmotion/-/popmotion-8.1.22.tgz",
      "integrity": "sha512-PbCfTaf6No+wbyV5KRiIrWEEclCBFA8mZLLndW0a56rWXZk54vh03cSdlDqmaWvr+Np5ilUk3klSYsGkxmHVNA==",
      "requires": {
        "framesync": "^3.1.7",
        "style-value-types": "^1.0.4",
        "stylefire": "^1.2.9"
      }
    },
    "style-value-types": {
      "version": "1.0.4",
      "resolved": "https://registry.npmjs.org/style-value-types/-/style-value-types-1.0.4.tgz",
      "integrity": "sha512-3W7zFlJdwNEKt0IN+BI9xgvIfUWusa5H8JgiL3xO2NLmaAVT9ef64aG47iJkEXXUQHM3A3eZzbNxD+npgWgo+g=="
    },
    "stylefire": {
      "version": "1.2.14",
      "resolved": "https://registry.npmjs.org/stylefire/-/stylefire-1.2.14.tgz",
      "integrity": "sha512-FPMStF0Y9IsV0kf6HkXiwBtbpk6jqWh68OvvdF3MF2Xi/tPI9P1H5d6t3PjF+Kivlc34iMf9wm5nvdFFfKxk0w==",
      "requires": {
        "framesync": "^3.0.2",
        "style-value-types": "^1.0.4"
      }
    }
  }
}
